// !$*UTF8*$!
{
	archiveVersion = 1;
	classes = {
	};
	objectVersion = 46;
	objects = {

/* Begin PBXBuildFile section */
		B394A4E11B474F39008239CD /* InformationPostingViewController.swift in Sources */ = {isa = PBXBuildFile; fileRef = B394A4E01B474F39008239CD /* InformationPostingViewController.swift */; };
		B394A4E31B479CB6008239CD /* StudentInformation.swift in Sources */ = {isa = PBXBuildFile; fileRef = B394A4E21B479CB6008239CD /* StudentInformation.swift */; };
		B39C302E1B42059B00609DEB /* AppDelegate.swift in Sources */ = {isa = PBXBuildFile; fileRef = B39C302D1B42059B00609DEB /* AppDelegate.swift */; };
		B39C30301B42059B00609DEB /* ViewController.swift in Sources */ = {isa = PBXBuildFile; fileRef = B39C302F1B42059B00609DEB /* ViewController.swift */; };
		B39C30331B42059B00609DEB /* Main.storyboard in Resources */ = {isa = PBXBuildFile; fileRef = B39C30311B42059B00609DEB /* Main.storyboard */; };
		B39C30351B42059B00609DEB /* Images.xcassets in Resources */ = {isa = PBXBuildFile; fileRef = B39C30341B42059B00609DEB /* Images.xcassets */; };
		B39C30381B42059B00609DEB /* LaunchScreen.xib in Resources */ = {isa = PBXBuildFile; fileRef = B39C30361B42059B00609DEB /* LaunchScreen.xib */; };
		B39C30441B42059B00609DEB /* OnTheMapTests.swift in Sources */ = {isa = PBXBuildFile; fileRef = B39C30431B42059B00609DEB /* OnTheMapTests.swift */; };
		B39C304F1B42075900609DEB /* logo.png in Resources */ = {isa = PBXBuildFile; fileRef = B39C304E1B42075900609DEB /* logo.png */; };
		B3E813991B44E36E00C4BF42 /* MapKit.framework in Frameworks */ = {isa = PBXBuildFile; fileRef = B3E813981B44E36E00C4BF42 /* MapKit.framework */; };
		B3E8139B1B44E3D300C4BF42 /* MapViewController.swift in Sources */ = {isa = PBXBuildFile; fileRef = B3E8139A1B44E3D300C4BF42 /* MapViewController.swift */; };
		B3E8139D1B46335600C4BF42 /* TableViewController.swift in Sources */ = {isa = PBXBuildFile; fileRef = B3E8139C1B46335600C4BF42 /* TableViewController.swift */; };
		B3F4E2541B4379EB001EEBB5 /* UdacityConstants.swift in Sources */ = {isa = PBXBuildFile; fileRef = B3F4E2531B4379EB001EEBB5 /* UdacityConstants.swift */; };
		B3F4E2561B437A17001EEBB5 /* UdacityClient.swift in Sources */ = {isa = PBXBuildFile; fileRef = B3F4E2551B437A17001EEBB5 /* UdacityClient.swift */; };
		B3F4E2581B43873B001EEBB5 /* UdacityConvenience.swift in Sources */ = {isa = PBXBuildFile; fileRef = B3F4E2571B43873B001EEBB5 /* UdacityConvenience.swift */; };
/* End PBXBuildFile section */

/* Begin PBXContainerItemProxy section */
		B39C303E1B42059B00609DEB /* PBXContainerItemProxy */ = {
			isa = PBXContainerItemProxy;
			containerPortal = B39C30201B42059A00609DEB /* Project object */;
			proxyType = 1;
			remoteGlobalIDString = B39C30271B42059A00609DEB;
			remoteInfo = OnTheMap;
		};
/* End PBXContainerItemProxy section */

/* Begin PBXFileReference section */
		B394A4E01B474F39008239CD /* InformationPostingViewController.swift */ = {isa = PBXFileReference; fileEncoding = 4; lastKnownFileType = sourcecode.swift; path = InformationPostingViewController.swift; sourceTree = "<group>"; };
		B394A4E21B479CB6008239CD /* StudentInformation.swift */ = {isa = PBXFileReference; fileEncoding = 4; lastKnownFileType = sourcecode.swift; path = StudentInformation.swift; sourceTree = "<group>"; };
		B39C30281B42059B00609DEB /* OnTheMap.app */ = {isa = PBXFileReference; explicitFileType = wrapper.application; includeInIndex = 0; path = OnTheMap.app; sourceTree = BUILT_PRODUCTS_DIR; };
		B39C302C1B42059B00609DEB /* Info.plist */ = {isa = PBXFileReference; lastKnownFileType = text.plist.xml; path = Info.plist; sourceTree = "<group>"; };
		B39C302D1B42059B00609DEB /* AppDelegate.swift */ = {isa = PBXFileReference; lastKnownFileType = sourcecode.swift; path = AppDelegate.swift; sourceTree = "<group>"; };
		B39C302F1B42059B00609DEB /* ViewController.swift */ = {isa = PBXFileReference; lastKnownFileType = sourcecode.swift; path = ViewController.swift; sourceTree = "<group>"; };
		B39C30321B42059B00609DEB /* Base */ = {isa = PBXFileReference; lastKnownFileType = file.storyboard; name = Base; path = Base.lproj/Main.storyboard; sourceTree = "<group>"; };
		B39C30341B42059B00609DEB /* Images.xcassets */ = {isa = PBXFileReference; lastKnownFileType = folder.assetcatalog; path = Images.xcassets; sourceTree = "<group>"; };
		B39C30371B42059B00609DEB /* Base */ = {isa = PBXFileReference; lastKnownFileType = file.xib; name = Base; path = Base.lproj/LaunchScreen.xib; sourceTree = "<group>"; };
		B39C303D1B42059B00609DEB /* OnTheMapTests.xctest */ = {isa = PBXFileReference; explicitFileType = wrapper.cfbundle; includeInIndex = 0; path = OnTheMapTests.xctest; sourceTree = BUILT_PRODUCTS_DIR; };
		B39C30421B42059B00609DEB /* Info.plist */ = {isa = PBXFileReference; lastKnownFileType = text.plist.xml; path = Info.plist; sourceTree = "<group>"; };
		B39C30431B42059B00609DEB /* OnTheMapTests.swift */ = {isa = PBXFileReference; lastKnownFileType = sourcecode.swift; path = OnTheMapTests.swift; sourceTree = "<group>"; };
		B39C304E1B42075900609DEB /* logo.png */ = {isa = PBXFileReference; lastKnownFileType = image.png; path = logo.png; sourceTree = "<group>"; };
		B3E813981B44E36E00C4BF42 /* MapKit.framework */ = {isa = PBXFileReference; lastKnownFileType = wrapper.framework; name = MapKit.framework; path = System/Library/Frameworks/MapKit.framework; sourceTree = SDKROOT; };
		B3E8139A1B44E3D300C4BF42 /* MapViewController.swift */ = {isa = PBXFileReference; fileEncoding = 4; lastKnownFileType = sourcecode.swift; path = MapViewController.swift; sourceTree = "<group>"; };
		B3E8139C1B46335600C4BF42 /* TableViewController.swift */ = {isa = PBXFileReference; fileEncoding = 4; lastKnownFileType = sourcecode.swift; path = TableViewController.swift; sourceTree = "<group>"; };
		B3F4E2531B4379EB001EEBB5 /* UdacityConstants.swift */ = {isa = PBXFileReference; fileEncoding = 4; lastKnownFileType = sourcecode.swift; path = UdacityConstants.swift; sourceTree = "<group>"; };
		B3F4E2551B437A17001EEBB5 /* UdacityClient.swift */ = {isa = PBXFileReference; fileEncoding = 4; lastKnownFileType = sourcecode.swift; path = UdacityClient.swift; sourceTree = "<group>"; };
		B3F4E2571B43873B001EEBB5 /* UdacityConvenience.swift */ = {isa = PBXFileReference; fileEncoding = 4; lastKnownFileType = sourcecode.swift; path = UdacityConvenience.swift; sourceTree = "<group>"; };
/* End PBXFileReference section */

/* Begin PBXFrameworksBuildPhase section */
		B39C30251B42059A00609DEB /* Frameworks */ = {
			isa = PBXFrameworksBuildPhase;
			buildActionMask = 2147483647;
			files = (
				B3E813991B44E36E00C4BF42 /* MapKit.framework in Frameworks */,
			);
			runOnlyForDeploymentPostprocessing = 0;
		};
		B39C303A1B42059B00609DEB /* Frameworks */ = {
			isa = PBXFrameworksBuildPhase;
			buildActionMask = 2147483647;
			files = (
			);
			runOnlyForDeploymentPostprocessing = 0;
		};
/* End PBXFrameworksBuildPhase section */

/* Begin PBXGroup section */
		B39C301F1B42059A00609DEB = {
			isa = PBXGroup;
			children = (
				B3E813981B44E36E00C4BF42 /* MapKit.framework */,
				B39C302A1B42059B00609DEB /* OnTheMap */,
				B39C30401B42059B00609DEB /* OnTheMapTests */,
				B39C30291B42059B00609DEB /* Products */,
			);
			sourceTree = "<group>";
		};
		B39C30291B42059B00609DEB /* Products */ = {
			isa = PBXGroup;
			children = (
				B39C30281B42059B00609DEB /* OnTheMap.app */,
				B39C303D1B42059B00609DEB /* OnTheMapTests.xctest */,
			);
			name = Products;
			sourceTree = "<group>";
		};
		B39C302A1B42059B00609DEB /* OnTheMap */ = {
			isa = PBXGroup;
			children = (
				B3F4E2501B43799A001EEBB5 /* Model */,
				B39C302D1B42059B00609DEB /* AppDelegate.swift */,
				B39C302F1B42059B00609DEB /* ViewController.swift */,
				B39C30311B42059B00609DEB /* Main.storyboard */,
				B39C30341B42059B00609DEB /* Images.xcassets */,
				B39C30361B42059B00609DEB /* LaunchScreen.xib */,
				B39C302B1B42059B00609DEB /* Supporting Files */,
				B3E8139A1B44E3D300C4BF42 /* MapViewController.swift */,
				B3E8139C1B46335600C4BF42 /* TableViewController.swift */,
				B394A4E01B474F39008239CD /* InformationPostingViewController.swift */,
			);
			path = OnTheMap;
			sourceTree = "<group>";
		};
		B39C302B1B42059B00609DEB /* Supporting Files */ = {
			isa = PBXGroup;
			children = (
				B39C304D1B42074800609DEB /* Images */,
				B39C302C1B42059B00609DEB /* Info.plist */,
			);
			name = "Supporting Files";
			sourceTree = "<group>";
		};
		B39C30401B42059B00609DEB /* OnTheMapTests */ = {
			isa = PBXGroup;
			children = (
				B39C30431B42059B00609DEB /* OnTheMapTests.swift */,
				B39C30411B42059B00609DEB /* Supporting Files */,
			);
			path = OnTheMapTests;
			sourceTree = "<group>";
		};
		B39C30411B42059B00609DEB /* Supporting Files */ = {
			isa = PBXGroup;
			children = (
				B39C30421B42059B00609DEB /* Info.plist */,
			);
			name = "Supporting Files";
			sourceTree = "<group>";
		};
		B39C304D1B42074800609DEB /* Images */ = {
			isa = PBXGroup;
			children = (
				B39C304E1B42075900609DEB /* logo.png */,
			);
			name = Images;
			sourceTree = "<group>";
		};
		B3F4E2501B43799A001EEBB5 /* Model */ = {
			isa = PBXGroup;
			children = (
				B3F4E2511B4379B8001EEBB5 /* Clients */,
			);
			name = Model;
			sourceTree = "<group>";
		};
		B3F4E2511B4379B8001EEBB5 /* Clients */ = {
			isa = PBXGroup;
			children = (
				B3F4E2521B4379C2001EEBB5 /* Udacity */,
			);
			name = Clients;
			sourceTree = "<group>";
		};
		B3F4E2521B4379C2001EEBB5 /* Udacity */ = {
			isa = PBXGroup;
			children = (
				B3F4E2531B4379EB001EEBB5 /* UdacityConstants.swift */,
				B3F4E2551B437A17001EEBB5 /* UdacityClient.swift */,
				B3F4E2571B43873B001EEBB5 /* UdacityConvenience.swift */,
				B394A4E21B479CB6008239CD /* StudentInformation.swift */,
			);
			name = Udacity;
			sourceTree = "<group>";
		};
/* End PBXGroup section */

/* Begin PBXNativeTarget section */
		B39C30271B42059A00609DEB /* OnTheMap */ = {
			isa = PBXNativeTarget;
			buildConfigurationList = B39C30471B42059B00609DEB /* Build configuration list for PBXNativeTarget "OnTheMap" */;
			buildPhases = (
				B39C30241B42059A00609DEB /* Sources */,
				B39C30251B42059A00609DEB /* Frameworks */,
				B39C30261B42059A00609DEB /* Resources */,
			);
			buildRules = (
			);
			dependencies = (
			);
			name = OnTheMap;
			productName = OnTheMap;
			productReference = B39C30281B42059B00609DEB /* OnTheMap.app */;
			productType = "com.apple.product-type.application";
		};
		B39C303C1B42059B00609DEB /* OnTheMapTests */ = {
			isa = PBXNativeTarget;
			buildConfigurationList = B39C304A1B42059B00609DEB /* Build configuration list for PBXNativeTarget "OnTheMapTests" */;
			buildPhases = (
				B39C30391B42059B00609DEB /* Sources */,
				B39C303A1B42059B00609DEB /* Frameworks */,
				B39C303B1B42059B00609DEB /* Resources */,
			);
			buildRules = (
			);
			dependencies = (
				B39C303F1B42059B00609DEB /* PBXTargetDependency */,
			);
			name = OnTheMapTests;
			productName = OnTheMapTests;
			productReference = B39C303D1B42059B00609DEB /* OnTheMapTests.xctest */;
			productType = "com.apple.product-type.bundle.unit-test";
		};
/* End PBXNativeTarget section */

/* Begin PBXProject section */
		B39C30201B42059A00609DEB /* Project object */ = {
			isa = PBXProject;
			attributes = {
				LastUpgradeCheck = 0630;
				ORGANIZATIONNAME = "Aldin Fajic";
				TargetAttributes = {
					B39C30271B42059A00609DEB = {
						CreatedOnToolsVersion = 6.3.2;
					};
					B39C303C1B42059B00609DEB = {
						CreatedOnToolsVersion = 6.3.2;
						TestTargetID = B39C30271B42059A00609DEB;
					};
				};
			};
			buildConfigurationList = B39C30231B42059A00609DEB /* Build configuration list for PBXProject "OnTheMap" */;
			compatibilityVersion = "Xcode 3.2";
			developmentRegion = English;
			hasScannedForEncodings = 0;
			knownRegions = (
				en,
				Base,
			);
			mainGroup = B39C301F1B42059A00609DEB;
			productRefGroup = B39C30291B42059B00609DEB /* Products */;
			projectDirPath = "";
			projectRoot = "";
			targets = (
				B39C30271B42059A00609DEB /* OnTheMap */,
				B39C303C1B42059B00609DEB /* OnTheMapTests */,
			);
		};
/* End PBXProject section */

/* Begin PBXResourcesBuildPhase section */
		B39C30261B42059A00609DEB /* Resources */ = {
			isa = PBXResourcesBuildPhase;
			buildActionMask = 2147483647;
			files = (
				B39C304F1B42075900609DEB /* logo.png in Resources */,
				B39C30331B42059B00609DEB /* Main.storyboard in Resources */,
				B39C30381B42059B00609DEB /* LaunchScreen.xib in Resources */,
				B39C30351B42059B00609DEB /* Images.xcassets in Resources */,
			);
			runOnlyForDeploymentPostprocessing = 0;
		};
		B39C303B1B42059B00609DEB /* Resources */ = {
			isa = PBXResourcesBuildPhase;
			buildActionMask = 2147483647;
			files = (
			);
			runOnlyForDeploymentPostprocessing = 0;
		};
/* End PBXResourcesBuildPhase section */

/* Begin PBXSourcesBuildPhase section */
		B39C30241B42059A00609DEB /* Sources */ = {
			isa = PBXSourcesBuildPhase;
			buildActionMask = 2147483647;
			files = (
				B3F4E2561B437A17001EEBB5 /* UdacityClient.swift in Sources */,
				B3E8139D1B46335600C4BF42 /* TableViewController.swift in Sources */,
				B394A4E11B474F39008239CD /* InformationPostingViewController.swift in Sources */,
				B3E8139B1B44E3D300C4BF42 /* MapViewController.swift in Sources */,
				B39C30301B42059B00609DEB /* ViewController.swift in Sources */,
				B39C302E1B42059B00609DEB /* AppDelegate.swift in Sources */,
				B394A4E31B479CB6008239CD /* StudentInformation.swift in Sources */,
				B3F4E2581B43873B001EEBB5 /* UdacityConvenience.swift in Sources */,
				B3F4E2541B4379EB001EEBB5 /* UdacityConstants.swift in Sources */,
			);
			runOnlyForDeploymentPostprocessing = 0;
		};
		B39C30391B42059B00609DEB /* Sources */ = {
			isa = PBXSourcesBuildPhase;
			buildActionMask = 2147483647;
			files = (
				B39C30441B42059B00609DEB /* OnTheMapTests.swift in Sources */,
			);
			runOnlyForDeploymentPostprocessing = 0;
		};
/* End PBXSourcesBuildPhase section */

/* Begin PBXTargetDependency section */
		B39C303F1B42059B00609DEB /* PBXTargetDependency */ = {
			isa = PBXTargetDependency;
			target = B39C30271B42059A00609DEB /* OnTheMap */;
			targetProxy = B39C303E1B42059B00609DEB /* PBXContainerItemProxy */;
		};
/* End PBXTargetDependency section */

/* Begin PBXVariantGroup section */
		B39C30311B42059B00609DEB /* Main.storyboard */ = {
			isa = PBXVariantGroup;
			children = (
				B39C30321B42059B00609DEB /* Base */,
			);
			name = Main.storyboard;
			sourceTree = "<group>";
		};
		B39C30361B42059B00609DEB /* LaunchScreen.xib */ = {
			isa = PBXVariantGroup;
			children = (
				B39C30371B42059B00609DEB /* Base */,
			);
			name = LaunchScreen.xib;
			sourceTree = "<group>";
		};
/* End PBXVariantGroup section */

/* Begin XCBuildConfiguration section */
		B39C30451B42059B00609DEB /* Debug */ = {
			isa = XCBuildConfiguration;
			buildSettings = {
				ALWAYS_SEARCH_USER_PATHS = NO;
				CLANG_CXX_LANGUAGE_STANDARD = "gnu++0x";
				CLANG_CXX_LIBRARY = "libc++";
				CLANG_ENABLE_MODULES = YES;
				CLANG_ENABLE_OBJC_ARC = YES;
				CLANG_WARN_BOOL_CONVERSION = YES;
				CLANG_WARN_CONSTANT_CONVERSION = YES;
				CLANG_WARN_DIRECT_OBJC_ISA_USAGE = YES_ERROR;
				CLANG_WARN_EMPTY_BODY = YES;
				CLANG_WARN_ENUM_CONVERSION = YES;
				CLANG_WARN_INT_CONVERSION = YES;
				CLANG_WARN_OBJC_ROOT_CLASS = YES_ERROR;
				CLANG_WARN_UNREACHABLE_CODE = YES;
				CLANG_WARN__DUPLICATE_METHOD_MATCH = YES;
				"CODE_SIGN_IDENTITY[sdk=iphoneos*]" = "iPhone Developer";
				COPY_PHASE_STRIP = NO;
				DEBUG_INFORMATION_FORMAT = "dwarf-with-dsym";
				ENABLE_STRICT_OBJC_MSGSEND = YES;
				GCC_C_LANGUAGE_STANDARD = gnu99;
				GCC_DYNAMIC_NO_PIC = NO;
				GCC_NO_COMMON_BLOCKS = YES;
				GCC_OPTIMIZATION_LEVEL = 0;
				GCC_PREPROCESSOR_DEFINITIONS = (
					"DEBUG=1",
					"$(inherited)",
				);
				GCC_SYMBOLS_PRIVATE_EXTERN = NO;
				GCC_WARN_64_TO_32_BIT_CONVERSION = YES;
				GCC_WARN_ABOUT_RETURN_TYPE = YES_ERROR;
				GCC_WARN_UNDECLARED_SELECTOR = YES;
				GCC_WARN_UNINITIALIZED_AUTOS = YES_AGGRESSIVE;
				GCC_WARN_UNUSED_FUNCTION = YES;
				GCC_WARN_UNUSED_VARIABLE = YES;
				IPHONEOS_DEPLOYMENT_TARGET = 8.3;
				MTL_ENABLE_DEBUG_INFO = YES;
				ONLY_ACTIVE_ARCH = YES;
				SDKROOT = iphoneos;
				SWIFT_OPTIMIZATION_LEVEL = "-Onone";
			};
			name = Debug;
		};
		B39C30461B42059B00609DEB /* Release */ = {
			isa = XCBuildConfiguration;
			buildSettings = {
				ALWAYS_SEARCH_USER_PATHS = NO;
				CLANG_CXX_LANGUAGE_STANDARD = "gnu++0x";
				CLANG_CXX_LIBRARY = "libc++";
				CLANG_ENABLE_MODULES = YES;
				CLANG_ENABLE_OBJC_ARC = YES;
				CLANG_WARN_BOOL_CONVERSION = YES;
				CLANG_WARN_CONSTANT_CONVERSION = YES;
				CLANG_WARN_DIRECT_OBJC_ISA_USAGE = YES_ERROR;
				CLANG_WARN_EMPTY_BODY = YES;
				CLANG_WARN_ENUM_CONVERSION = YES;
				CLANG_WARN_INT_CONVERSION = YES;
				CLANG_WARN_OBJC_ROOT_CLASS = YES_ERROR;
				CLANG_WARN_UNREACHABLE_CODE = YES;
				CLANG_WARN__DUPLICATE_METHOD_MATCH = YES;
				"CODE_SIGN_IDENTITY[sdk=iphoneos*]" = "iPhone Developer";
				COPY_PHASE_STRIP = NO;
				DEBUG_INFORMATION_FORMAT = "dwarf-with-dsym";
				ENABLE_NS_ASSERTIONS = NO;
				ENABLE_STRICT_OBJC_MSGSEND = YES;
				GCC_C_LANGUAGE_STANDARD = gnu99;
				GCC_NO_COMMON_BLOCKS = YES;
				GCC_WARN_64_TO_32_BIT_CONVERSION = YES;
				GCC_WARN_ABOUT_RETURN_TYPE = YES_ERROR;
				GCC_WARN_UNDECLARED_SELECTOR = YES;
				GCC_WARN_UNINITIALIZED_AUTOS = YES_AGGRESSIVE;
				GCC_WARN_UNUSED_FUNCTION = YES;
				GCC_WARN_UNUSED_VARIABLE = YES;
				IPHONEOS_DEPLOYMENT_TARGET = 8.3;
				MTL_ENABLE_DEBUG_INFO = NO;
				SDKROOT = iphoneos;
				VALIDATE_PRODUCT = YES;
			};
			name = Release;
		};
		B39C30481B42059B00609DEB /* Debug */ = {
			isa = XCBuildConfiguration;
			buildSettings = {
				ASSETCATALOG_COMPILER_APPICON_NAME = AppIcon;
				INFOPLIST_FILE = OnTheMap/Info.plist;
				LD_RUNPATH_SEARCH_PATHS = "$(inherited) @executable_path/Frameworks";
				PRODUCT_NAME = "$(TARGET_NAME)";
			};
			name = Debug;
		};
		B39C30491B42059B00609DEB /* Release */ = {
			isa = XCBuildConfiguration;
			buildSettings = {
				ASSETCATALOG_COMPILER_APPICON_NAME = AppIcon;
				INFOPLIST_FILE = OnTheMap/Info.plist;
				LD_RUNPATH_SEARCH_PATHS = "$(inherited) @executable_path/Frameworks";
				PRODUCT_NAME = "$(TARGET_NAME)";
			};
			name = Release;
		};
		B39C304B1B42059B00609DEB /* Debug */ = {
			isa = XCBuildConfiguration;
			buildSettings = {
				BUNDLE_LOADER = "$(TEST_HOST)";
				FRAMEWORK_SEARCH_PATHS = (
					"$(SDKROOT)/Developer/Library/Frameworks",
					"$(inherited)",
				);
				GCC_PREPROCESSOR_DEFINITIONS = (
					"DEBUG=1",
					"$(inherited)",
				);
				INFOPLIST_FILE = OnTheMapTests/Info.plist;
				LD_RUNPATH_SEARCH_PATHS = "$(inherited) @executable_path/Frameworks @loader_path/Frameworks";
				PRODUCT_NAME = "$(TARGET_NAME)";
				TEST_HOST = "$(BUILT_PRODUCTS_DIR)/OnTheMap.app/OnTheMap";
			};
			name = Debug;
		};
		B39C304C1B42059B00609DEB /* Release */ = {
			isa = XCBuildConfiguration;
			buildSettings = {
				BUNDLE_LOADER = "$(TEST_HOST)";
				FRAMEWORK_SEARCH_PATHS = (
					"$(SDKROOT)/Developer/Library/Frameworks",
					"$(inherited)",
				);
				INFOPLIST_FILE = OnTheMapTests/Info.plist;
				LD_RUNPATH_SEARCH_PATHS = "$(inherited) @executable_path/Frameworks @loader_path/Frameworks";
				PRODUCT_NAME = "$(TARGET_NAME)";
				TEST_HOST = "$(BUILT_PRODUCTS_DIR)/OnTheMap.app/OnTheMap";
			};
			name = Release;
		};
/* End XCBuildConfiguration section */

/* Begin XCConfigurationList section */
		B39C30231B42059A00609DEB /* Build configuration list for PBXProject "OnTheMap" */ = {
			isa = XCConfigurationList;
			buildConfigurations = (
				B39C30451B42059B00609DEB /* Debug */,
				B39C30461B42059B00609DEB /* Release */,
			);
			defaultConfigurationIsVisible = 0;
			defaultConfigurationName = Release;
		};
		B39C30471B42059B00609DEB /* Build configuration list for PBXNativeTarget "OnTheMap" */ = {
			isa = XCConfigurationList;
			buildConfigurations = (
				B39C30481B42059B00609DEB /* Debug */,
				B39C30491B42059B00609DEB /* Release */,
			);
			defaultConfigurationIsVisible = 0;
			defaultConfigurationName = Release;
		};
		B39C304A1B42059B00609DEB /* Build configuration list for PBXNativeTarget "OnTheMapTests" */ = {
			isa = XCConfigurationList;
			buildConfigurations = (
				B39C304B1B42059B00609DEB /* Debug */,
				B39C304C1B42059B00609DEB /* Release */,
			);
			defaultConfigurationIsVisible = 0;
			defaultConfigurationName = Release;
		};
/* End XCConfigurationList section */
	};
	rootObject = B39C30201B42059A00609DEB /* Project object */;
}
